
Microsoft Visual Studio Solution File, Format Version 12.00
# Visual Studio 15
VisualStudioVersion = 15.0.28307.1022
MinimumVisualStudioVersion = 10.0.40219.1
Project("{FAE04EC0-301F-11D3-BF4B-00C04F79EFBC}") = "Lab11_Interface", "Lab11_Interface\Lab11_Interface.csproj", "{FAF49D6A-2C13-4BD6-B320-36B5C2E12A71}"
EndProject
Global
	GlobalSection(SolutionConfigurationPlatforms) = preSolution
		Debug|Any CPU = Debug|Any CPU
		Release|Any CPU = Release|Any CPU
	EndGlobalSection
	GlobalSection(ProjectConfigurationPlatforms) = postSolution
		{FAF49D6A-2C13-4BD6-B320-36B5C2E12A71}.Debug|Any CPU.ActiveCfg = Debug|Any CPU
		{FAF49D6A-2C13-4BD6-B320-36B5C2E12A71}.Debug|Any CPU.Build.0 = Debug|Any CPU
		{FAF49D6A-2C13-4BD6-B320-36B5C2E12A71}.Release|Any CPU.ActiveCfg = Release|Any CPU
		{FAF49D6A-2C13-4BD6-B320-36B5C2E12A71}.Release|Any CPU.Build.0 = Release|Any CPU
	EndGlobalSection
	GlobalSection(SolutionProperties) = preSolution
		HideSolutionNode = FALSE
	EndGlobalSection
	GlobalSection(ExtensibilityGlobals) = postSolution
		SolutionGuid = {8F916627-50CE-46D4-AE71-87050D0ED586}
	EndGlobalSection
EndGlobal
